// !$*UTF8*$!
{
	archiveVersion = 1;
	classes = {
	};
	objectVersion = 50;
	objects = {

/* Begin PBXBuildFile section */
		0E28F4FA215A92E100ACFDD0 /* PetUser.swift in Sources */ = {isa = PBXBuildFile; fileRef = 0E28F4F9215A92E100ACFDD0 /* PetUser.swift */; };
		0E28F4FC215A93B100ACFDD0 /* PetFollow.swift in Sources */ = {isa = PBXBuildFile; fileRef = 0E28F4FB215A93B100ACFDD0 /* PetFollow.swift */; };
		0E28F4FE215BDFAF00ACFDD0 /* ProductServices.swift in Sources */ = {isa = PBXBuildFile; fileRef = 0E28F4FD215BDFAF00ACFDD0 /* ProductServices.swift */; };
		0E28F500215D0BDF00ACFDD0 /* PetShop.swift in Sources */ = {isa = PBXBuildFile; fileRef = 0E28F4FF215D0BDF00ACFDD0 /* PetShop.swift */; };
		0E28F503215D1FFD00ACFDD0 /* RegisterShopViewController.swift in Sources */ = {isa = PBXBuildFile; fileRef = 0E28F501215D1FFD00ACFDD0 /* RegisterShopViewController.swift */; };
		0E28F504215D1FFD00ACFDD0 /* RegisterShopViewController.xib in Resources */ = {isa = PBXBuildFile; fileRef = 0E28F502215D1FFD00ACFDD0 /* RegisterShopViewController.xib */; };
		0E28F507215D383100ACFDD0 /* ProductDetailViewController.swift in Sources */ = {isa = PBXBuildFile; fileRef = 0E28F505215D383100ACFDD0 /* ProductDetailViewController.swift */; };
		0E28F508215D383100ACFDD0 /* ProductDetailViewController.xib in Resources */ = {isa = PBXBuildFile; fileRef = 0E28F506215D383100ACFDD0 /* ProductDetailViewController.xib */; };
		0E8E918321568AE80002CF4F /* PostDetailViewController.swift in Sources */ = {isa = PBXBuildFile; fileRef = 0E8E918121568AE80002CF4F /* PostDetailViewController.swift */; };
		0E8E918421568AE80002CF4F /* PostDetailViewController.xib in Resources */ = {isa = PBXBuildFile; fileRef = 0E8E918221568AE80002CF4F /* PostDetailViewController.xib */; };
		0E8E9187215691980002CF4F /* CommentViewCell.swift in Sources */ = {isa = PBXBuildFile; fileRef = 0E8E9185215691980002CF4F /* CommentViewCell.swift */; };
		0E8E9188215691980002CF4F /* CommentViewCell.xib in Resources */ = {isa = PBXBuildFile; fileRef = 0E8E9186215691980002CF4F /* CommentViewCell.xib */; };
		0E8E918A21569B2C0002CF4F /* BaseViewController.swift in Sources */ = {isa = PBXBuildFile; fileRef = 0E8E918921569B2C0002CF4F /* BaseViewController.swift */; };
		0E8E918C21569BC60002CF4F /* BaseNavigationController.swift in Sources */ = {isa = PBXBuildFile; fileRef = 0E8E918B21569BC60002CF4F /* BaseNavigationController.swift */; };
		0E8E918F2156A4850002CF4F /* PublishStoryViewController.swift in Sources */ = {isa = PBXBuildFile; fileRef = 0E8E918D2156A4850002CF4F /* PublishStoryViewController.swift */; };
		0E8E91902156A4850002CF4F /* PublishStoryViewController.xib in Resources */ = {isa = PBXBuildFile; fileRef = 0E8E918E2156A4850002CF4F /* PublishStoryViewController.xib */; };
		0E8E91932156A96C0002CF4F /* StoryImageViewCell.swift in Sources */ = {isa = PBXBuildFile; fileRef = 0E8E91912156A96C0002CF4F /* StoryImageViewCell.swift */; };
		0E8E91942156A96C0002CF4F /* StoryImageViewCell.xib in Resources */ = {isa = PBXBuildFile; fileRef = 0E8E91922156A96C0002CF4F /* StoryImageViewCell.xib */; };
		0E8E91992157539F0002CF4F /* StoryCameraViewCell.swift in Sources */ = {isa = PBXBuildFile; fileRef = 0E8E91972157539F0002CF4F /* StoryCameraViewCell.swift */; };
		0E8E919A2157539F0002CF4F /* StoryCameraViewCell.xib in Resources */ = {isa = PBXBuildFile; fileRef = 0E8E91982157539F0002CF4F /* StoryCameraViewCell.xib */; };
		0E8E919E2157600F0002CF4F /* FirebaseServices.swift in Sources */ = {isa = PBXBuildFile; fileRef = 0E8E919D2157600F0002CF4F /* FirebaseServices.swift */; };
		0E8E91A0215767410002CF4F /* Utils.swift in Sources */ = {isa = PBXBuildFile; fileRef = 0E8E919F215767410002CF4F /* Utils.swift */; };
		0E8E91A22157676E0002CF4F /* PostDetail.swift in Sources */ = {isa = PBXBuildFile; fileRef = 0E8E91A12157676E0002CF4F /* PostDetail.swift */; };
		0E8E91A521578A1C0002CF4F /* StoryCategoryViewController.swift in Sources */ = {isa = PBXBuildFile; fileRef = 0E8E91A321578A1C0002CF4F /* StoryCategoryViewController.swift */; };
		0E8E91A621578A1C0002CF4F /* StoryCategoryViewController.xib in Resources */ = {isa = PBXBuildFile; fileRef = 0E8E91A421578A1C0002CF4F /* StoryCategoryViewController.xib */; };
		0E8E91A8215799B70002CF4F /* GoogleService-Info.plist in Resources */ = {isa = PBXBuildFile; fileRef = 0E8E91A7215799B70002CF4F /* GoogleService-Info.plist */; };
		0E8E91AA2157A7320002CF4F /* UserLike.swift in Sources */ = {isa = PBXBuildFile; fileRef = 0E8E91A92157A7320002CF4F /* UserLike.swift */; };
		0E8E91AC2157D2300002CF4F /* PetProduct.swift in Sources */ = {isa = PBXBuildFile; fileRef = 0E8E91AB2157D2300002CF4F /* PetProduct.swift */; };
		0E8E91AE2157D3720002CF4F /* ProductType.swift in Sources */ = {isa = PBXBuildFile; fileRef = 0E8E91AD2157D3720002CF4F /* ProductType.swift */; };
		0E8E91B02157F0810002CF4F /* PetComment.swift in Sources */ = {isa = PBXBuildFile; fileRef = 0E8E91AF2157F0810002CF4F /* PetComment.swift */; };
		0E8E91B2215930C50002CF4F /* Pet.swift in Sources */ = {isa = PBXBuildFile; fileRef = 0E8E91B1215930C50002CF4F /* Pet.swift */; };
		0E8E91B721593F230002CF4F /* InputProductViewController.swift in Sources */ = {isa = PBXBuildFile; fileRef = 0E8E91B521593F230002CF4F /* InputProductViewController.swift */; };
		0E8E91B821593F230002CF4F /* InputProductViewController.xib in Resources */ = {isa = PBXBuildFile; fileRef = 0E8E91B621593F230002CF4F /* InputProductViewController.xib */; };
		0E8E91BA215A62540002CF4F /* PetFood.swift in Sources */ = {isa = PBXBuildFile; fileRef = 0E8E91B9215A62540002CF4F /* PetFood.swift */; };
		0E8E91BC215A62760002CF4F /* PetService.swift in Sources */ = {isa = PBXBuildFile; fileRef = 0E8E91BB215A62760002CF4F /* PetService.swift */; };
		0E8E91BF215A70030002CF4F /* PetSpeciesViewCell.swift in Sources */ = {isa = PBXBuildFile; fileRef = 0E8E91BD215A70030002CF4F /* PetSpeciesViewCell.swift */; };
		0E8E91C0215A70030002CF4F /* PetSpeciesViewCell.xib in Resources */ = {isa = PBXBuildFile; fileRef = 0E8E91BE215A70030002CF4F /* PetSpeciesViewCell.xib */; };
		0E8E91C2215A794A0002CF4F /* animation_done.json in Resources */ = {isa = PBXBuildFile; fileRef = 0E8E91C1215A79490002CF4F /* animation_done.json */; };
		0E8E91C4215A79830002CF4F /* material_loader.json in Resources */ = {isa = PBXBuildFile; fileRef = 0E8E91C3215A79830002CF4F /* material_loader.json */; };
		0EA47E3121561947001523A0 /* AppDelegate.swift in Sources */ = {isa = PBXBuildFile; fileRef = 0EA47E3021561947001523A0 /* AppDelegate.swift */; };
		0EA47E3321561947001523A0 /* ViewController.swift in Sources */ = {isa = PBXBuildFile; fileRef = 0EA47E3221561947001523A0 /* ViewController.swift */; };
		0EA47E3621561947001523A0 /* Main.storyboard in Resources */ = {isa = PBXBuildFile; fileRef = 0EA47E3421561947001523A0 /* Main.storyboard */; };
		0EA47E3821561949001523A0 /* Assets.xcassets in Resources */ = {isa = PBXBuildFile; fileRef = 0EA47E3721561949001523A0 /* Assets.xcassets */; };
		0EA47E3B21561949001523A0 /* LaunchScreen.storyboard in Resources */ = {isa = PBXBuildFile; fileRef = 0EA47E3921561949001523A0 /* LaunchScreen.storyboard */; };
		0EA47E4B21562F07001523A0 /* HomeViewController.swift in Sources */ = {isa = PBXBuildFile; fileRef = 0EA47E4A21562F07001523A0 /* HomeViewController.swift */; };
		0EA47E4E21562F2F001523A0 /* ShopViewController.swift in Sources */ = {isa = PBXBuildFile; fileRef = 0EA47E4D21562F2F001523A0 /* ShopViewController.swift */; };
		0EA47E5121562F55001523A0 /* ProfileViewController.swift in Sources */ = {isa = PBXBuildFile; fileRef = 0EA47E5021562F55001523A0 /* ProfileViewController.swift */; };
		0EA47E5421562F83001523A0 /* ServiceViewController.swift in Sources */ = {isa = PBXBuildFile; fileRef = 0EA47E5321562F83001523A0 /* ServiceViewController.swift */; };
		0EA47E59215630CA001523A0 /* PetStoryViewCell.swift in Sources */ = {isa = PBXBuildFile; fileRef = 0EA47E57215630CA001523A0 /* PetStoryViewCell.swift */; };
		0EA47E5A215630CA001523A0 /* HomeViewCell.xib in Resources */ = {isa = PBXBuildFile; fileRef = 0EA47E58215630CA001523A0 /* HomeViewCell.xib */; };
		0EA47E5C215636BD001523A0 /* ViewUtils.swift in Sources */ = {isa = PBXBuildFile; fileRef = 0EA47E5B215636BD001523A0 /* ViewUtils.swift */; };
		0EA47E5F2156392B001523A0 /* BaseTabbarController.swift in Sources */ = {isa = PBXBuildFile; fileRef = 0EA47E5E2156392B001523A0 /* BaseTabbarController.swift */; };
		0EA47E6421563DAA001523A0 /* ShopCategoryViewCell.swift in Sources */ = {isa = PBXBuildFile; fileRef = 0EA47E6221563DAA001523A0 /* ShopCategoryViewCell.swift */; };
		0EA47E6521563DAA001523A0 /* ShopCategoryViewCell.xib in Resources */ = {isa = PBXBuildFile; fileRef = 0EA47E6321563DAA001523A0 /* ShopCategoryViewCell.xib */; };
		0EA47E6821564031001523A0 /* ShopViewCell.swift in Sources */ = {isa = PBXBuildFile; fileRef = 0EA47E6621564031001523A0 /* ShopViewCell.swift */; };
		0EA47E6921564031001523A0 /* ShopViewCell.xib in Resources */ = {isa = PBXBuildFile; fileRef = 0EA47E6721564031001523A0 /* ShopViewCell.xib */; };
		0EA47E7021564146001523A0 /* ListShopViewController.swift in Sources */ = {isa = PBXBuildFile; fileRef = 0EA47E6E21564146001523A0 /* ListShopViewController.swift */; };
		0EA47E7121564146001523A0 /* ListShopViewController.xib in Resources */ = {isa = PBXBuildFile; fileRef = 0EA47E6F21564146001523A0 /* ListShopViewController.xib */; };
		0EA47E7621564885001523A0 /* ProductCategoryViewController.swift in Sources */ = {isa = PBXBuildFile; fileRef = 0EA47E7421564885001523A0 /* ProductCategoryViewController.swift */; };
		0EA47E7721564885001523A0 /* ProductCategoryViewController.xib in Resources */ = {isa = PBXBuildFile; fileRef = 0EA47E7521564885001523A0 /* ProductCategoryViewController.xib */; };
		0EA47E7A215648DC001523A0 /* ProductCategoryViewCell.swift in Sources */ = {isa = PBXBuildFile; fileRef = 0EA47E78215648DC001523A0 /* ProductCategoryViewCell.swift */; };
		0EA47E7B215648DC001523A0 /* ProductCategoryViewCell.xib in Resources */ = {isa = PBXBuildFile; fileRef = 0EA47E79215648DC001523A0 /* ProductCategoryViewCell.xib */; };
		638FA5F1EC08F0CB04F75685 /* Pods_petviet.framework in Frameworks */ = {isa = PBXBuildFile; fileRef = D121F858CD14B1B3C2DD0040 /* Pods_petviet.framework */; };
		EC299376215C72FA000AB0D1 /* Constant.swift in Sources */ = {isa = PBXBuildFile; fileRef = EC299375215C72FA000AB0D1 /* Constant.swift */; };
		EC299378215C7F7B000AB0D1 /* CameraHandler.swift in Sources */ = {isa = PBXBuildFile; fileRef = EC299377215C7F7B000AB0D1 /* CameraHandler.swift */; };
		EC29937B215C9859000AB0D1 /* ProductViewController.swift in Sources */ = {isa = PBXBuildFile; fileRef = EC299379215C9859000AB0D1 /* ProductViewController.swift */; };
		EC29937C215C9859000AB0D1 /* ProductViewController.xib in Resources */ = {isa = PBXBuildFile; fileRef = EC29937A215C9859000AB0D1 /* ProductViewController.xib */; };
		EC29937F215C9967000AB0D1 /* ProductViewCell.swift in Sources */ = {isa = PBXBuildFile; fileRef = EC29937D215C9967000AB0D1 /* ProductViewCell.swift */; };
		EC299380215C9967000AB0D1 /* ProductViewCell.xib in Resources */ = {isa = PBXBuildFile; fileRef = EC29937E215C9967000AB0D1 /* ProductViewCell.xib */; };
		EC6EFE4E215B2C1100F0BEE4 /* PetProfile.swift in Sources */ = {isa = PBXBuildFile; fileRef = EC6EFE4D215B2C1100F0BEE4 /* PetProfile.swift */; };
		EC6EFE50215B3E3E00F0BEE4 /* DataServices.swift in Sources */ = {isa = PBXBuildFile; fileRef = EC6EFE4F215B3E3E00F0BEE4 /* DataServices.swift */; };
		EC6EFE53215B46EB00F0BEE4 /* FollowViewController.swift in Sources */ = {isa = PBXBuildFile; fileRef = EC6EFE51215B46EB00F0BEE4 /* FollowViewController.swift */; };
		EC6EFE54215B46EB00F0BEE4 /* FollowViewController.xib in Resources */ = {isa = PBXBuildFile; fileRef = EC6EFE52215B46EB00F0BEE4 /* FollowViewController.xib */; };
		EC6EFE59215B482400F0BEE4 /* FollowViewCell.swift in Sources */ = {isa = PBXBuildFile; fileRef = EC6EFE57215B482400F0BEE4 /* FollowViewCell.swift */; };
		EC6EFE5A215B482400F0BEE4 /* FollowViewCell.xib in Resources */ = {isa = PBXBuildFile; fileRef = EC6EFE58215B482400F0BEE4 /* FollowViewCell.xib */; };
		ECFBA94A215E253F0063D51D /* String+Utils.swift in Sources */ = {isa = PBXBuildFile; fileRef = ECFBA949215E253F0063D51D /* String+Utils.swift */; };
/* End PBXBuildFile section */

/* Begin PBXFileReference section */
		0E28F4F9215A92E100ACFDD0 /* PetUser.swift */ = {isa = PBXFileReference; lastKnownFileType = sourcecode.swift; path = PetUser.swift; sourceTree = "<group>"; };
		0E28F4FB215A93B100ACFDD0 /* PetFollow.swift */ = {isa = PBXFileReference; lastKnownFileType = sourcecode.swift; path = PetFollow.swift; sourceTree = "<group>"; };
		0E28F4FD215BDFAF00ACFDD0 /* ProductServices.swift */ = {isa = PBXFileReference; lastKnownFileType = sourcecode.swift; path = ProductServices.swift; sourceTree = "<group>"; };
		0E28F4FF215D0BDF00ACFDD0 /* PetShop.swift */ = {isa = PBXFileReference; lastKnownFileType = sourcecode.swift; name = PetShop.swift; path = Shop/Model/PetShop.swift; sourceTree = "<group>"; };
		0E28F501215D1FFD00ACFDD0 /* RegisterShopViewController.swift */ = {isa = PBXFileReference; lastKnownFileType = sourcecode.swift; name = RegisterShopViewController.swift; path = Shop/Controller/RegisterShopViewController.swift; sourceTree = "<group>"; };
		0E28F502215D1FFD00ACFDD0 /* RegisterShopViewController.xib */ = {isa = PBXFileReference; lastKnownFileType = file.xib; name = RegisterShopViewController.xib; path = Shop/Controller/RegisterShopViewController.xib; sourceTree = "<group>"; };
		0E28F505215D383100ACFDD0 /* ProductDetailViewController.swift */ = {isa = PBXFileReference; lastKnownFileType = sourcecode.swift; name = ProductDetailViewController.swift; path = Shop/Controller/ProductDetailViewController.swift; sourceTree = "<group>"; };
		0E28F506215D383100ACFDD0 /* ProductDetailViewController.xib */ = {isa = PBXFileReference; lastKnownFileType = file.xib; name = ProductDetailViewController.xib; path = Shop/Controller/ProductDetailViewController.xib; sourceTree = "<group>"; };
		0E28F5092160A90100ACFDD0 /* petviet-Bridging-Header.h */ = {isa = PBXFileReference; lastKnownFileType = sourcecode.c.h; path = "petviet-Bridging-Header.h"; sourceTree = "<group>"; };
		0E8E918121568AE80002CF4F /* PostDetailViewController.swift */ = {isa = PBXFileReference; lastKnownFileType = sourcecode.swift; path = PostDetailViewController.swift; sourceTree = "<group>"; };
		0E8E918221568AE80002CF4F /* PostDetailViewController.xib */ = {isa = PBXFileReference; lastKnownFileType = file.xib; path = PostDetailViewController.xib; sourceTree = "<group>"; };
		0E8E9185215691980002CF4F /* CommentViewCell.swift */ = {isa = PBXFileReference; lastKnownFileType = sourcecode.swift; path = CommentViewCell.swift; sourceTree = "<group>"; };
		0E8E9186215691980002CF4F /* CommentViewCell.xib */ = {isa = PBXFileReference; lastKnownFileType = file.xib; path = CommentViewCell.xib; sourceTree = "<group>"; };
		0E8E918921569B2C0002CF4F /* BaseViewController.swift */ = {isa = PBXFileReference; lastKnownFileType = sourcecode.swift; path = BaseViewController.swift; sourceTree = "<group>"; };
		0E8E918B21569BC60002CF4F /* BaseNavigationController.swift */ = {isa = PBXFileReference; lastKnownFileType = sourcecode.swift; path = BaseNavigationController.swift; sourceTree = "<group>"; };
		0E8E918D2156A4850002CF4F /* PublishStoryViewController.swift */ = {isa = PBXFileReference; lastKnownFileType = sourcecode.swift; path = PublishStoryViewController.swift; sourceTree = "<group>"; };
		0E8E918E2156A4850002CF4F /* PublishStoryViewController.xib */ = {isa = PBXFileReference; lastKnownFileType = file.xib; path = PublishStoryViewController.xib; sourceTree = "<group>"; };
		0E8E91912156A96C0002CF4F /* StoryImageViewCell.swift */ = {isa = PBXFileReference; lastKnownFileType = sourcecode.swift; path = StoryImageViewCell.swift; sourceTree = "<group>"; };
		0E8E91922156A96C0002CF4F /* StoryImageViewCell.xib */ = {isa = PBXFileReference; lastKnownFileType = file.xib; path = StoryImageViewCell.xib; sourceTree = "<group>"; };
		0E8E91972157539F0002CF4F /* StoryCameraViewCell.swift */ = {isa = PBXFileReference; lastKnownFileType = sourcecode.swift; path = StoryCameraViewCell.swift; sourceTree = "<group>"; };
		0E8E91982157539F0002CF4F /* StoryCameraViewCell.xib */ = {isa = PBXFileReference; lastKnownFileType = file.xib; path = StoryCameraViewCell.xib; sourceTree = "<group>"; };
		0E8E919D2157600F0002CF4F /* FirebaseServices.swift */ = {isa = PBXFileReference; lastKnownFileType = sourcecode.swift; path = FirebaseServices.swift; sourceTree = "<group>"; };
		0E8E919F215767410002CF4F /* Utils.swift */ = {isa = PBXFileReference; lastKnownFileType = sourcecode.swift; path = Utils.swift; sourceTree = "<group>"; };
		0E8E91A12157676E0002CF4F /* PostDetail.swift */ = {isa = PBXFileReference; lastKnownFileType = sourcecode.swift; path = PostDetail.swift; sourceTree = "<group>"; };
		0E8E91A321578A1C0002CF4F /* StoryCategoryViewController.swift */ = {isa = PBXFileReference; lastKnownFileType = sourcecode.swift; path = StoryCategoryViewController.swift; sourceTree = "<group>"; };
		0E8E91A421578A1C0002CF4F /* StoryCategoryViewController.xib */ = {isa = PBXFileReference; lastKnownFileType = file.xib; path = StoryCategoryViewController.xib; sourceTree = "<group>"; };
		0E8E91A7215799B70002CF4F /* GoogleService-Info.plist */ = {isa = PBXFileReference; fileEncoding = 4; lastKnownFileType = text.plist.xml; path = "GoogleService-Info.plist"; sourceTree = "<group>"; };
		0E8E91A92157A7320002CF4F /* UserLike.swift */ = {isa = PBXFileReference; lastKnownFileType = sourcecode.swift; path = UserLike.swift; sourceTree = "<group>"; };
		0E8E91AB2157D2300002CF4F /* PetProduct.swift */ = {isa = PBXFileReference; lastKnownFileType = sourcecode.swift; name = PetProduct.swift; path = Shop/Model/PetProduct.swift; sourceTree = "<group>"; };
		0E8E91AD2157D3720002CF4F /* ProductType.swift */ = {isa = PBXFileReference; lastKnownFileType = sourcecode.swift; name = ProductType.swift; path = Shop/Model/ProductType.swift; sourceTree = "<group>"; };
		0E8E91AF2157F0810002CF4F /* PetComment.swift */ = {isa = PBXFileReference; lastKnownFileType = sourcecode.swift; path = PetComment.swift; sourceTree = "<group>"; };
		0E8E91B1215930C50002CF4F /* Pet.swift */ = {isa = PBXFileReference; lastKnownFileType = sourcecode.swift; path = Pet.swift; sourceTree = "<group>"; };
		0E8E91B521593F230002CF4F /* InputProductViewController.swift */ = {isa = PBXFileReference; lastKnownFileType = sourcecode.swift; name = InputProductViewController.swift; path = Shop/Controller/InputProductViewController.swift; sourceTree = "<group>"; };
		0E8E91B621593F230002CF4F /* InputProductViewController.xib */ = {isa = PBXFileReference; lastKnownFileType = file.xib; name = InputProductViewController.xib; path = Shop/Controller/InputProductViewController.xib; sourceTree = "<group>"; };
		0E8E91B9215A62540002CF4F /* PetFood.swift */ = {isa = PBXFileReference; lastKnownFileType = sourcecode.swift; name = PetFood.swift; path = Shop/Model/PetFood.swift; sourceTree = "<group>"; };
		0E8E91BB215A62760002CF4F /* PetService.swift */ = {isa = PBXFileReference; lastKnownFileType = sourcecode.swift; name = PetService.swift; path = Shop/Model/PetService.swift; sourceTree = "<group>"; };
		0E8E91BD215A70030002CF4F /* PetSpeciesViewCell.swift */ = {isa = PBXFileReference; lastKnownFileType = sourcecode.swift; path = PetSpeciesViewCell.swift; sourceTree = "<group>"; };
		0E8E91BE215A70030002CF4F /* PetSpeciesViewCell.xib */ = {isa = PBXFileReference; lastKnownFileType = file.xib; path = PetSpeciesViewCell.xib; sourceTree = "<group>"; };
		0E8E91C1215A79490002CF4F /* animation_done.json */ = {isa = PBXFileReference; fileEncoding = 4; lastKnownFileType = text.json; path = animation_done.json; sourceTree = "<group>"; };
		0E8E91C3215A79830002CF4F /* material_loader.json */ = {isa = PBXFileReference; fileEncoding = 4; lastKnownFileType = text.json; path = material_loader.json; sourceTree = "<group>"; };
		0EA47E2D21561947001523A0 /* petviet.app */ = {isa = PBXFileReference; explicitFileType = wrapper.application; includeInIndex = 0; path = petviet.app; sourceTree = BUILT_PRODUCTS_DIR; };
		0EA47E3021561947001523A0 /* AppDelegate.swift */ = {isa = PBXFileReference; lastKnownFileType = sourcecode.swift; path = AppDelegate.swift; sourceTree = "<group>"; };
		0EA47E3221561947001523A0 /* ViewController.swift */ = {isa = PBXFileReference; lastKnownFileType = sourcecode.swift; path = ViewController.swift; sourceTree = "<group>"; };
		0EA47E3521561947001523A0 /* Base */ = {isa = PBXFileReference; lastKnownFileType = file.storyboard; name = Base; path = Base.lproj/Main.storyboard; sourceTree = "<group>"; };
		0EA47E3721561949001523A0 /* Assets.xcassets */ = {isa = PBXFileReference; lastKnownFileType = folder.assetcatalog; path = Assets.xcassets; sourceTree = "<group>"; };
		0EA47E3A21561949001523A0 /* Base */ = {isa = PBXFileReference; lastKnownFileType = file.storyboard; name = Base; path = Base.lproj/LaunchScreen.storyboard; sourceTree = "<group>"; };
		0EA47E3C21561949001523A0 /* Info.plist */ = {isa = PBXFileReference; lastKnownFileType = text.plist.xml; path = Info.plist; sourceTree = "<group>"; };
		0EA47E4A21562F07001523A0 /* HomeViewController.swift */ = {isa = PBXFileReference; lastKnownFileType = sourcecode.swift; path = HomeViewController.swift; sourceTree = "<group>"; };
		0EA47E4D21562F2F001523A0 /* ShopViewController.swift */ = {isa = PBXFileReference; lastKnownFileType = sourcecode.swift; name = ShopViewController.swift; path = Shop/Controller/ShopViewController.swift; sourceTree = "<group>"; };
		0EA47E5021562F55001523A0 /* ProfileViewController.swift */ = {isa = PBXFileReference; lastKnownFileType = sourcecode.swift; path = ProfileViewController.swift; sourceTree = "<group>"; };
		0EA47E5321562F83001523A0 /* ServiceViewController.swift */ = {isa = PBXFileReference; lastKnownFileType = sourcecode.swift; path = ServiceViewController.swift; sourceTree = "<group>"; };
		0EA47E57215630CA001523A0 /* PetStoryViewCell.swift */ = {isa = PBXFileReference; lastKnownFileType = sourcecode.swift; path = PetStoryViewCell.swift; sourceTree = "<group>"; };
		0EA47E58215630CA001523A0 /* HomeViewCell.xib */ = {isa = PBXFileReference; lastKnownFileType = file.xib; path = HomeViewCell.xib; sourceTree = "<group>"; };
		0EA47E5B215636BD001523A0 /* ViewUtils.swift */ = {isa = PBXFileReference; lastKnownFileType = sourcecode.swift; path = ViewUtils.swift; sourceTree = "<group>"; };
		0EA47E5E2156392B001523A0 /* BaseTabbarController.swift */ = {isa = PBXFileReference; lastKnownFileType = sourcecode.swift; path = BaseTabbarController.swift; sourceTree = "<group>"; };
		0EA47E6221563DAA001523A0 /* ShopCategoryViewCell.swift */ = {isa = PBXFileReference; lastKnownFileType = sourcecode.swift; name = ShopCategoryViewCell.swift; path = Shop/View/ShopCategoryViewCell.swift; sourceTree = "<group>"; };
		0EA47E6321563DAA001523A0 /* ShopCategoryViewCell.xib */ = {isa = PBXFileReference; lastKnownFileType = file.xib; name = ShopCategoryViewCell.xib; path = Shop/View/ShopCategoryViewCell.xib; sourceTree = "<group>"; };
		0EA47E6621564031001523A0 /* ShopViewCell.swift */ = {isa = PBXFileReference; lastKnownFileType = sourcecode.swift; name = ShopViewCell.swift; path = Shop/View/ShopViewCell.swift; sourceTree = "<group>"; };
		0EA47E6721564031001523A0 /* ShopViewCell.xib */ = {isa = PBXFileReference; lastKnownFileType = file.xib; name = ShopViewCell.xib; path = Shop/View/ShopViewCell.xib; sourceTree = "<group>"; };
		0EA47E6E21564146001523A0 /* ListShopViewController.swift */ = {isa = PBXFileReference; lastKnownFileType = sourcecode.swift; name = ListShopViewController.swift; path = Shop/Controller/ListShopViewController.swift; sourceTree = "<group>"; };
		0EA47E6F21564146001523A0 /* ListShopViewController.xib */ = {isa = PBXFileReference; lastKnownFileType = file.xib; name = ListShopViewController.xib; path = Shop/Controller/ListShopViewController.xib; sourceTree = "<group>"; };
		0EA47E7421564885001523A0 /* ProductCategoryViewController.swift */ = {isa = PBXFileReference; lastKnownFileType = sourcecode.swift; name = ProductCategoryViewController.swift; path = Shop/Controller/ProductCategoryViewController.swift; sourceTree = "<group>"; };
		0EA47E7521564885001523A0 /* ProductCategoryViewController.xib */ = {isa = PBXFileReference; lastKnownFileType = file.xib; name = ProductCategoryViewController.xib; path = Shop/Controller/ProductCategoryViewController.xib; sourceTree = "<group>"; };
		0EA47E78215648DC001523A0 /* ProductCategoryViewCell.swift */ = {isa = PBXFileReference; lastKnownFileType = sourcecode.swift; name = ProductCategoryViewCell.swift; path = Shop/View/ProductCategoryViewCell.swift; sourceTree = "<group>"; };
		0EA47E79215648DC001523A0 /* ProductCategoryViewCell.xib */ = {isa = PBXFileReference; lastKnownFileType = file.xib; name = ProductCategoryViewCell.xib; path = Shop/View/ProductCategoryViewCell.xib; sourceTree = "<group>"; };
		5A5C202797A76A2B95448CA3 /* Pods-petviet.debug.xcconfig */ = {isa = PBXFileReference; includeInIndex = 1; lastKnownFileType = text.xcconfig; name = "Pods-petviet.debug.xcconfig"; path = "Pods/Target Support Files/Pods-petviet/Pods-petviet.debug.xcconfig"; sourceTree = "<group>"; };
		D121F858CD14B1B3C2DD0040 /* Pods_petviet.framework */ = {isa = PBXFileReference; explicitFileType = wrapper.framework; includeInIndex = 0; path = Pods_petviet.framework; sourceTree = BUILT_PRODUCTS_DIR; };
		EC299375215C72FA000AB0D1 /* Constant.swift */ = {isa = PBXFileReference; lastKnownFileType = sourcecode.swift; path = Constant.swift; sourceTree = "<group>"; };
		EC299377215C7F7B000AB0D1 /* CameraHandler.swift */ = {isa = PBXFileReference; lastKnownFileType = sourcecode.swift; path = CameraHandler.swift; sourceTree = "<group>"; };
		EC299379215C9859000AB0D1 /* ProductViewController.swift */ = {isa = PBXFileReference; lastKnownFileType = sourcecode.swift; name = ProductViewController.swift; path = Shop/Controller/ProductViewController.swift; sourceTree = "<group>"; };
		EC29937A215C9859000AB0D1 /* ProductViewController.xib */ = {isa = PBXFileReference; lastKnownFileType = file.xib; name = ProductViewController.xib; path = Shop/Controller/ProductViewController.xib; sourceTree = "<group>"; };
		EC29937D215C9967000AB0D1 /* ProductViewCell.swift */ = {isa = PBXFileReference; lastKnownFileType = sourcecode.swift; name = ProductViewCell.swift; path = Shop/View/ProductViewCell.swift; sourceTree = "<group>"; };
		EC29937E215C9967000AB0D1 /* ProductViewCell.xib */ = {isa = PBXFileReference; lastKnownFileType = file.xib; name = ProductViewCell.xib; path = Shop/View/ProductViewCell.xib; sourceTree = "<group>"; };
		EC6EFE4D215B2C1100F0BEE4 /* PetProfile.swift */ = {isa = PBXFileReference; lastKnownFileType = sourcecode.swift; path = PetProfile.swift; sourceTree = "<group>"; };
		EC6EFE4F215B3E3E00F0BEE4 /* DataServices.swift */ = {isa = PBXFileReference; lastKnownFileType = sourcecode.swift; path = DataServices.swift; sourceTree = "<group>"; };
		EC6EFE51215B46EB00F0BEE4 /* FollowViewController.swift */ = {isa = PBXFileReference; lastKnownFileType = sourcecode.swift; path = FollowViewController.swift; sourceTree = "<group>"; };
		EC6EFE52215B46EB00F0BEE4 /* FollowViewController.xib */ = {isa = PBXFileReference; lastKnownFileType = file.xib; path = FollowViewController.xib; sourceTree = "<group>"; };
		EC6EFE57215B482400F0BEE4 /* FollowViewCell.swift */ = {isa = PBXFileReference; lastKnownFileType = sourcecode.swift; path = FollowViewCell.swift; sourceTree = "<group>"; };
		EC6EFE58215B482400F0BEE4 /* FollowViewCell.xib */ = {isa = PBXFileReference; lastKnownFileType = file.xib; path = FollowViewCell.xib; sourceTree = "<group>"; };
		ECFBA949215E253F0063D51D /* String+Utils.swift */ = {isa = PBXFileReference; lastKnownFileType = sourcecode.swift; path = "String+Utils.swift"; sourceTree = "<group>"; };
		FEED33B912B882DA2145B2E9 /* Pods-petviet.release.xcconfig */ = {isa = PBXFileReference; includeInIndex = 1; lastKnownFileType = text.xcconfig; name = "Pods-petviet.release.xcconfig"; path = "Pods/Target Support Files/Pods-petviet/Pods-petviet.release.xcconfig"; sourceTree = "<group>"; };
/* End PBXFileReference section */

/* Begin PBXFrameworksBuildPhase section */
		0EA47E2A21561947001523A0 /* Frameworks */ = {
			isa = PBXFrameworksBuildPhase;
			buildActionMask = 2147483647;
			files = (
				638FA5F1EC08F0CB04F75685 /* Pods_petviet.framework in Frameworks */,
			);
			runOnlyForDeploymentPostprocessing = 0;
		};
/* End PBXFrameworksBuildPhase section */

/* Begin PBXGroup section */
		0EA47E2421561947001523A0 = {
			isa = PBXGroup;
			children = (
				0EA47E2F21561947001523A0 /* petviet */,
				0EA47E2E21561947001523A0 /* Products */,
				314B48EEC87B61258F1D9DDB /* Pods */,
				2908113DA1B3FEF169BAF987 /* Frameworks */,
			);
			sourceTree = "<group>";
		};
		0EA47E2E21561947001523A0 /* Products */ = {
			isa = PBXGroup;
			children = (
				0EA47E2D21561947001523A0 /* petviet.app */,
			);
			name = Products;
			sourceTree = "<group>";
		};
		0EA47E2F21561947001523A0 /* petviet */ = {
			isa = PBXGroup;
			children = (
				0EA47E5D21563905001523A0 /* Classes */,
				0EA47E4821562EE0001523A0 /* Utils */,
				0EA47E4721562ED3001523A0 /* Services */,
				0EA47E4221562E87001523A0 /* Screen */,
				0EA47E3021561947001523A0 /* AppDelegate.swift */,
				0EA47E3221561947001523A0 /* ViewController.swift */,
				0EA47E3421561947001523A0 /* Main.storyboard */,
				0EA47E3721561949001523A0 /* Assets.xcassets */,
				0EA47E3921561949001523A0 /* LaunchScreen.storyboard */,
				0EA47E3C21561949001523A0 /* Info.plist */,
				0E8E91C3215A79830002CF4F /* material_loader.json */,
				0E8E91C1215A79490002CF4F /* animation_done.json */,
				0E28F5092160A90100ACFDD0 /* petviet-Bridging-Header.h */,
				0E8E91A7215799B70002CF4F /* GoogleService-Info.plist */,
			);
			path = petviet;
			sourceTree = "<group>";
		};
		0EA47E4221562E87001523A0 /* Screen */ = {
			isa = PBXGroup;
			children = (
				0EA47E4621562EB0001523A0 /* Sevice */,
				0EA47E4521562EA7001523A0 /* Profile */,
				0EA47E4421562E9A001523A0 /* Shop */,
				0EA47E4321562E91001523A0 /* Home */,
			);
			name = Screen;
			sourceTree = "<group>";
		};
		0EA47E4321562E91001523A0 /* Home */ = {
			isa = PBXGroup;
			children = (
				0EA47E56215630AF001523A0 /* Model */,
				0EA47E55215630A9001523A0 /* View */,
				0EA47E4921562EEF001523A0 /* Controller */,
			);
			path = Home;
			sourceTree = "<group>";
		};
		0EA47E4421562E9A001523A0 /* Shop */ = {
			isa = PBXGroup;
			children = (
				0EA47E6121563D7E001523A0 /* View */,
				0EA47E6021563D77001523A0 /* Model */,
				0EA47E4C21562F0E001523A0 /* Controller */,
			);
			name = Shop;
			sourceTree = "<group>";
		};
		0EA47E4521562EA7001523A0 /* Profile */ = {
			isa = PBXGroup;
			children = (
				EC6EFE56215B46F800F0BEE4 /* View */,
				EC6EFE55215B46F200F0BEE4 /* Model */,
				0EA47E4F21562F47001523A0 /* Controller */,
			);
			path = Profile;
			sourceTree = "<group>";
		};
		0EA47E4621562EB0001523A0 /* Sevice */ = {
			isa = PBXGroup;
			children = (
				0EA47E5221562F72001523A0 /* Controller */,
			);
			path = Sevice;
			sourceTree = "<group>";
		};
		0EA47E4721562ED3001523A0 /* Services */ = {
			isa = PBXGroup;
			children = (
				0E8E919D2157600F0002CF4F /* FirebaseServices.swift */,
				EC6EFE4F215B3E3E00F0BEE4 /* DataServices.swift */,
				0E28F4FD215BDFAF00ACFDD0 /* ProductServices.swift */,
				EC299375215C72FA000AB0D1 /* Constant.swift */,
			);
			path = Services;
			sourceTree = "<group>";
		};
		0EA47E4821562EE0001523A0 /* Utils */ = {
			isa = PBXGroup;
			children = (
				0EA47E5B215636BD001523A0 /* ViewUtils.swift */,
				0E8E919F215767410002CF4F /* Utils.swift */,
				ECFBA949215E253F0063D51D /* String+Utils.swift */,
			);
			path = Utils;
			sourceTree = "<group>";
		};
		0EA47E4921562EEF001523A0 /* Controller */ = {
			isa = PBXGroup;
			children = (
				0EA47E4A21562F07001523A0 /* HomeViewController.swift */,
				0E8E918121568AE80002CF4F /* PostDetailViewController.swift */,
				0E8E918221568AE80002CF4F /* PostDetailViewController.xib */,
				0E8E918D2156A4850002CF4F /* PublishStoryViewController.swift */,
				0E8E918E2156A4850002CF4F /* PublishStoryViewController.xib */,
				0E8E91A321578A1C0002CF4F /* StoryCategoryViewController.swift */,
				0E8E91A421578A1C0002CF4F /* StoryCategoryViewController.xib */,
			);
			path = Controller;
			sourceTree = "<group>";
		};
		0EA47E4C21562F0E001523A0 /* Controller */ = {
			isa = PBXGroup;
			children = (
				0EA47E4D21562F2F001523A0 /* ShopViewController.swift */,
				0EA47E6E21564146001523A0 /* ListShopViewController.swift */,
				0EA47E6F21564146001523A0 /* ListShopViewController.xib */,
				0EA47E7421564885001523A0 /* ProductCategoryViewController.swift */,
				0EA47E7521564885001523A0 /* ProductCategoryViewController.xib */,
				0E8E91B521593F230002CF4F /* InputProductViewController.swift */,
				0E8E91B621593F230002CF4F /* InputProductViewController.xib */,
				EC299379215C9859000AB0D1 /* ProductViewController.swift */,
				EC29937A215C9859000AB0D1 /* ProductViewController.xib */,
				0E28F501215D1FFD00ACFDD0 /* RegisterShopViewController.swift */,
				0E28F502215D1FFD00ACFDD0 /* RegisterShopViewController.xib */,
				0E28F505215D383100ACFDD0 /* ProductDetailViewController.swift */,
				0E28F506215D383100ACFDD0 /* ProductDetailViewController.xib */,
			);
			name = Controller;
			sourceTree = "<group>";
		};
		0EA47E4F21562F47001523A0 /* Controller */ = {
			isa = PBXGroup;
			children = (
				0EA47E5021562F55001523A0 /* ProfileViewController.swift */,
				EC6EFE51215B46EB00F0BEE4 /* FollowViewController.swift */,
				EC6EFE52215B46EB00F0BEE4 /* FollowViewController.xib */,
			);
			path = Controller;
			sourceTree = "<group>";
		};
		0EA47E5221562F72001523A0 /* Controller */ = {
			isa = PBXGroup;
			children = (
				0EA47E5321562F83001523A0 /* ServiceViewController.swift */,
			);
			path = Controller;
			sourceTree = "<group>";
		};
		0EA47E55215630A9001523A0 /* View */ = {
			isa = PBXGroup;
			children = (
				0EA47E57215630CA001523A0 /* PetStoryViewCell.swift */,
				0EA47E58215630CA001523A0 /* HomeViewCell.xib */,
				0E8E91922156A96C0002CF4F /* StoryImageViewCell.xib */,
				0E8E9185215691980002CF4F /* CommentViewCell.swift */,
				0E8E9186215691980002CF4F /* CommentViewCell.xib */,
				0E8E91912156A96C0002CF4F /* StoryImageViewCell.swift */,
				0E8E91972157539F0002CF4F /* StoryCameraViewCell.swift */,
				0E8E91982157539F0002CF4F /* StoryCameraViewCell.xib */,
				0E8E91BD215A70030002CF4F /* PetSpeciesViewCell.swift */,
				0E8E91BE215A70030002CF4F /* PetSpeciesViewCell.xib */,
			);
			path = View;
			sourceTree = "<group>";
		};
		0EA47E56215630AF001523A0 /* Model */ = {
			isa = PBXGroup;
			children = (
				0E8E91A12157676E0002CF4F /* PostDetail.swift */,
				0E8E91A92157A7320002CF4F /* UserLike.swift */,
				0E8E91AF2157F0810002CF4F /* PetComment.swift */,
				0E28F4F9215A92E100ACFDD0 /* PetUser.swift */,
				0E28F4FB215A93B100ACFDD0 /* PetFollow.swift */,
				EC6EFE4D215B2C1100F0BEE4 /* PetProfile.swift */,
			);
			path = Model;
			sourceTree = "<group>";
		};
		0EA47E5D21563905001523A0 /* Classes */ = {
			isa = PBXGroup;
			children = (
				0EA47E5E2156392B001523A0 /* BaseTabbarController.swift */,
				0E8E918921569B2C0002CF4F /* BaseViewController.swift */,
				0E8E918B21569BC60002CF4F /* BaseNavigationController.swift */,
				EC299377215C7F7B000AB0D1 /* CameraHandler.swift */,
			);
			path = Classes;
			sourceTree = "<group>";
		};
		0EA47E6021563D77001523A0 /* Model */ = {
			isa = PBXGroup;
			children = (
				0E8E91AB2157D2300002CF4F /* PetProduct.swift */,
				0E8E91AD2157D3720002CF4F /* ProductType.swift */,
				0E8E91B1215930C50002CF4F /* Pet.swift */,
				0E8E91B9215A62540002CF4F /* PetFood.swift */,
				0E8E91BB215A62760002CF4F /* PetService.swift */,
				0E28F4FF215D0BDF00ACFDD0 /* PetShop.swift */,
			);
			name = Model;
			sourceTree = "<group>";
		};
		0EA47E6121563D7E001523A0 /* View */ = {
			isa = PBXGroup;
			children = (
				0EA47E6221563DAA001523A0 /* ShopCategoryViewCell.swift */,
				0EA47E6321563DAA001523A0 /* ShopCategoryViewCell.xib */,
				0EA47E6621564031001523A0 /* ShopViewCell.swift */,
				0EA47E6721564031001523A0 /* ShopViewCell.xib */,
				0EA47E78215648DC001523A0 /* ProductCategoryViewCell.swift */,
				0EA47E79215648DC001523A0 /* ProductCategoryViewCell.xib */,
				EC29937D215C9967000AB0D1 /* ProductViewCell.swift */,
				EC29937E215C9967000AB0D1 /* ProductViewCell.xib */,
			);
			name = View;
			sourceTree = "<group>";
		};
		2908113DA1B3FEF169BAF987 /* Frameworks */ = {
			isa = PBXGroup;
			children = (
				D121F858CD14B1B3C2DD0040 /* Pods_petviet.framework */,
			);
			name = Frameworks;
			sourceTree = "<group>";
		};
		314B48EEC87B61258F1D9DDB /* Pods */ = {
			isa = PBXGroup;
			children = (
				5A5C202797A76A2B95448CA3 /* Pods-petviet.debug.xcconfig */,
				FEED33B912B882DA2145B2E9 /* Pods-petviet.release.xcconfig */,
			);
			name = Pods;
			sourceTree = "<group>";
		};
		EC6EFE55215B46F200F0BEE4 /* Model */ = {
			isa = PBXGroup;
			children = (
			);
			path = Model;
			sourceTree = "<group>";
		};
		EC6EFE56215B46F800F0BEE4 /* View */ = {
			isa = PBXGroup;
			children = (
				EC6EFE57215B482400F0BEE4 /* FollowViewCell.swift */,
				EC6EFE58215B482400F0BEE4 /* FollowViewCell.xib */,
			);
			path = View;
			sourceTree = "<group>";
		};
/* End PBXGroup section */

/* Begin PBXNativeTarget section */
		0EA47E2C21561947001523A0 /* petviet */ = {
			isa = PBXNativeTarget;
			buildConfigurationList = 0EA47E3F21561949001523A0 /* Build configuration list for PBXNativeTarget "petviet" */;
			buildPhases = (
				1BF5B2188234BC373ACA2C8B /* [CP] Check Pods Manifest.lock */,
				0EA47E2921561947001523A0 /* Sources */,
				0EA47E2A21561947001523A0 /* Frameworks */,
				0EA47E2B21561947001523A0 /* Resources */,
				ED02985F4A4F3AC938A79323 /* [CP] Embed Pods Frameworks */,
			);
			buildRules = (
			);
			dependencies = (
			);
			name = petviet;
			productName = petviet;
			productReference = 0EA47E2D21561947001523A0 /* petviet.app */;
			productType = "com.apple.product-type.application";
		};
/* End PBXNativeTarget section */

/* Begin PBXProject section */
		0EA47E2521561947001523A0 /* Project object */ = {
			isa = PBXProject;
			attributes = {
				LastSwiftUpdateCheck = 0940;
				LastUpgradeCheck = 0940;
				ORGANIZATIONNAME = csb;
				TargetAttributes = {
					0EA47E2C21561947001523A0 = {
						CreatedOnToolsVersion = 9.4.1;
					};
				};
			};
			buildConfigurationList = 0EA47E2821561947001523A0 /* Build configuration list for PBXProject "petviet" */;
			compatibilityVersion = "Xcode 9.3";
			developmentRegion = en;
			hasScannedForEncodings = 0;
			knownRegions = (
				en,
				Base,
			);
			mainGroup = 0EA47E2421561947001523A0;
			productRefGroup = 0EA47E2E21561947001523A0 /* Products */;
			projectDirPath = "";
			projectRoot = "";
			targets = (
				0EA47E2C21561947001523A0 /* petviet */,
			);
		};
/* End PBXProject section */

/* Begin PBXResourcesBuildPhase section */
		0EA47E2B21561947001523A0 /* Resources */ = {
			isa = PBXResourcesBuildPhase;
			buildActionMask = 2147483647;
			files = (
				0E8E9188215691980002CF4F /* CommentViewCell.xib in Resources */,
				0E8E91B821593F230002CF4F /* InputProductViewController.xib in Resources */,
				0E28F504215D1FFD00ACFDD0 /* RegisterShopViewController.xib in Resources */,
				0E8E91942156A96C0002CF4F /* StoryImageViewCell.xib in Resources */,
				0EA47E7121564146001523A0 /* ListShopViewController.xib in Resources */,
				0E8E91C2215A794A0002CF4F /* animation_done.json in Resources */,
				0E8E91C0215A70030002CF4F /* PetSpeciesViewCell.xib in Resources */,
				0E8E91902156A4850002CF4F /* PublishStoryViewController.xib in Resources */,
				EC6EFE5A215B482400F0BEE4 /* FollowViewCell.xib in Resources */,
				EC299380215C9967000AB0D1 /* ProductViewCell.xib in Resources */,
				0EA47E3B21561949001523A0 /* LaunchScreen.storyboard in Resources */,
				0EA47E7721564885001523A0 /* ProductCategoryViewController.xib in Resources */,
				0EA47E5A215630CA001523A0 /* HomeViewCell.xib in Resources */,
				0E28F508215D383100ACFDD0 /* ProductDetailViewController.xib in Resources */,
				0E8E919A2157539F0002CF4F /* StoryCameraViewCell.xib in Resources */,
				0EA47E3821561949001523A0 /* Assets.xcassets in Resources */,
				0E8E91A8215799B70002CF4F /* GoogleService-Info.plist in Resources */,
				0E8E91C4215A79830002CF4F /* material_loader.json in Resources */,
				0EA47E3621561947001523A0 /* Main.storyboard in Resources */,
				EC29937C215C9859000AB0D1 /* ProductViewController.xib in Resources */,
				0EA47E6921564031001523A0 /* ShopViewCell.xib in Resources */,
				EC6EFE54215B46EB00F0BEE4 /* FollowViewController.xib in Resources */,
				0E8E918421568AE80002CF4F /* PostDetailViewController.xib in Resources */,
				0EA47E6521563DAA001523A0 /* ShopCategoryViewCell.xib in Resources */,
				0E8E91A621578A1C0002CF4F /* StoryCategoryViewController.xib in Resources */,
				0EA47E7B215648DC001523A0 /* ProductCategoryViewCell.xib in Resources */,
			);
			runOnlyForDeploymentPostprocessing = 0;
		};
/* End PBXResourcesBuildPhase section */

/* Begin PBXShellScriptBuildPhase section */
		1BF5B2188234BC373ACA2C8B /* [CP] Check Pods Manifest.lock */ = {
			isa = PBXShellScriptBuildPhase;
			buildActionMask = 2147483647;
			files = (
			);
			inputPaths = (
				"${PODS_PODFILE_DIR_PATH}/Podfile.lock",
				"${PODS_ROOT}/Manifest.lock",
			);
			name = "[CP] Check Pods Manifest.lock";
			outputPaths = (
				"$(DERIVED_FILE_DIR)/Pods-petviet-checkManifestLockResult.txt",
			);
			runOnlyForDeploymentPostprocessing = 0;
			shellPath = /bin/sh;
			shellScript = "diff \"${PODS_PODFILE_DIR_PATH}/Podfile.lock\" \"${PODS_ROOT}/Manifest.lock\" > /dev/null\nif [ $? != 0 ] ; then\n    # print error to STDERR\n    echo \"error: The sandbox is not in sync with the Podfile.lock. Run 'pod install' or update your CocoaPods installation.\" >&2\n    exit 1\nfi\n# This output is used by Xcode 'outputs' to avoid re-running this script phase.\necho \"SUCCESS\" > \"${SCRIPT_OUTPUT_FILE_0}\"\n";
			showEnvVarsInLog = 0;
		};
		ED02985F4A4F3AC938A79323 /* [CP] Embed Pods Frameworks */ = {
			isa = PBXShellScriptBuildPhase;
			buildActionMask = 2147483647;
			files = (
			);
			inputPaths = (
				"${SRCROOT}/Pods/Target Support Files/Pods-petviet/Pods-petviet-frameworks.sh",
				"${BUILT_PRODUCTS_DIR}/GTMSessionFetcher/GTMSessionFetcher.framework",
				"${BUILT_PRODUCTS_DIR}/GoogleUtilities/GoogleUtilities.framework",
				"${BUILT_PRODUCTS_DIR}/Kingfisher/Kingfisher.framework",
				"${BUILT_PRODUCTS_DIR}/ObjectMapper/ObjectMapper.framework",
				"${BUILT_PRODUCTS_DIR}/Spring/Spring.framework",
				"${BUILT_PRODUCTS_DIR}/leveldb-library/leveldb.framework",
				"${BUILT_PRODUCTS_DIR}/lottie-ios/Lottie.framework",
				"${BUILT_PRODUCTS_DIR}/nanopb/nanopb.framework",
				"${BUILT_PRODUCTS_DIR}/youtube-ios-player-helper-swift/youtube_ios_player_helper_swift.framework",
			);
			name = "[CP] Embed Pods Frameworks";
			outputPaths = (
				"${TARGET_BUILD_DIR}/${FRAMEWORKS_FOLDER_PATH}/GTMSessionFetcher.framework",
				"${TARGET_BUILD_DIR}/${FRAMEWORKS_FOLDER_PATH}/GoogleUtilities.framework",
				"${TARGET_BUILD_DIR}/${FRAMEWORKS_FOLDER_PATH}/Kingfisher.framework",
				"${TARGET_BUILD_DIR}/${FRAMEWORKS_FOLDER_PATH}/ObjectMapper.framework",
				"${TARGET_BUILD_DIR}/${FRAMEWORKS_FOLDER_PATH}/Spring.framework",
				"${TARGET_BUILD_DIR}/${FRAMEWORKS_FOLDER_PATH}/leveldb.framework",
				"${TARGET_BUILD_DIR}/${FRAMEWORKS_FOLDER_PATH}/Lottie.framework",
				"${TARGET_BUILD_DIR}/${FRAMEWORKS_FOLDER_PATH}/nanopb.framework",
				"${TARGET_BUILD_DIR}/${FRAMEWORKS_FOLDER_PATH}/youtube_ios_player_helper_swift.framework",
			);
			runOnlyForDeploymentPostprocessing = 0;
			shellPath = /bin/sh;
			shellScript = "\"${SRCROOT}/Pods/Target Support Files/Pods-petviet/Pods-petviet-frameworks.sh\"\n";
			showEnvVarsInLog = 0;
		};
/* End PBXShellScriptBuildPhase section */

/* Begin PBXSourcesBuildPhase section */
		0EA47E2921561947001523A0 /* Sources */ = {
			isa = PBXSourcesBuildPhase;
			buildActionMask = 2147483647;
			files = (
				0EA47E7A215648DC001523A0 /* ProductCategoryViewCell.swift in Sources */,
				0E28F4FA215A92E100ACFDD0 /* PetUser.swift in Sources */,
				EC299378215C7F7B000AB0D1 /* CameraHandler.swift in Sources */,
				0EA47E4E21562F2F001523A0 /* ShopViewController.swift in Sources */,
				0EA47E3321561947001523A0 /* ViewController.swift in Sources */,
				0E28F503215D1FFD00ACFDD0 /* RegisterShopViewController.swift in Sources */,
				0EA47E7621564885001523A0 /* ProductCategoryViewController.swift in Sources */,
				0E28F4FC215A93B100ACFDD0 /* PetFollow.swift in Sources */,
				0E8E91A22157676E0002CF4F /* PostDetail.swift in Sources */,
				0EA47E59215630CA001523A0 /* PetStoryViewCell.swift in Sources */,
				0EA47E5421562F83001523A0 /* ServiceViewController.swift in Sources */,
				EC6EFE50215B3E3E00F0BEE4 /* DataServices.swift in Sources */,
				0EA47E6821564031001523A0 /* ShopViewCell.swift in Sources */,
				0E8E918A21569B2C0002CF4F /* BaseViewController.swift in Sources */,
				0E8E91B721593F230002CF4F /* InputProductViewController.swift in Sources */,
				EC29937B215C9859000AB0D1 /* ProductViewController.swift in Sources */,
				EC6EFE59215B482400F0BEE4 /* FollowViewCell.swift in Sources */,
				0E8E91AA2157A7320002CF4F /* UserLike.swift in Sources */,
				0E8E918321568AE80002CF4F /* PostDetailViewController.swift in Sources */,
				EC6EFE4E215B2C1100F0BEE4 /* PetProfile.swift in Sources */,
				0E8E91BC215A62760002CF4F /* PetService.swift in Sources */,
				0EA47E6421563DAA001523A0 /* ShopCategoryViewCell.swift in Sources */,
				0E28F4FE215BDFAF00ACFDD0 /* ProductServices.swift in Sources */,
				0EA47E5121562F55001523A0 /* ProfileViewController.swift in Sources */,
				0EA47E5F2156392B001523A0 /* BaseTabbarController.swift in Sources */,
				0E8E91A521578A1C0002CF4F /* StoryCategoryViewController.swift in Sources */,
				0E28F500215D0BDF00ACFDD0 /* PetShop.swift in Sources */,
				0E8E91B2215930C50002CF4F /* Pet.swift in Sources */,
				0E8E91AE2157D3720002CF4F /* ProductType.swift in Sources */,
				0E28F507215D383100ACFDD0 /* ProductDetailViewController.swift in Sources */,
				0E8E919E2157600F0002CF4F /* FirebaseServices.swift in Sources */,
				EC6EFE53215B46EB00F0BEE4 /* FollowViewController.swift in Sources */,
				0E8E91B02157F0810002CF4F /* PetComment.swift in Sources */,
				0EA47E7021564146001523A0 /* ListShopViewController.swift in Sources */,
				0E8E918F2156A4850002CF4F /* PublishStoryViewController.swift in Sources */,
				0E8E91A0215767410002CF4F /* Utils.swift in Sources */,
				0E8E91BF215A70030002CF4F /* PetSpeciesViewCell.swift in Sources */,
				0E8E91992157539F0002CF4F /* StoryCameraViewCell.swift in Sources */,
				0E8E91AC2157D2300002CF4F /* PetProduct.swift in Sources */,
				0E8E91BA215A62540002CF4F /* PetFood.swift in Sources */,
				ECFBA94A215E253F0063D51D /* String+Utils.swift in Sources */,
				EC299376215C72FA000AB0D1 /* Constant.swift in Sources */,
				EC29937F215C9967000AB0D1 /* ProductViewCell.swift in Sources */,
				0EA47E3121561947001523A0 /* AppDelegate.swift in Sources */,
				0E8E918C21569BC60002CF4F /* BaseNavigationController.swift in Sources */,
				0EA47E5C215636BD001523A0 /* ViewUtils.swift in Sources */,
				0E8E9187215691980002CF4F /* CommentViewCell.swift in Sources */,
				0E8E91932156A96C0002CF4F /* StoryImageViewCell.swift in Sources */,
				0EA47E4B21562F07001523A0 /* HomeViewController.swift in Sources */,
			);
			runOnlyForDeploymentPostprocessing = 0;
		};
/* End PBXSourcesBuildPhase section */

/* Begin PBXVariantGroup section */
		0EA47E3421561947001523A0 /* Main.storyboard */ = {
			isa = PBXVariantGroup;
			children = (
				0EA47E3521561947001523A0 /* Base */,
			);
			name = Main.storyboard;
			sourceTree = "<group>";
		};
		0EA47E3921561949001523A0 /* LaunchScreen.storyboard */ = {
			isa = PBXVariantGroup;
			children = (
				0EA47E3A21561949001523A0 /* Base */,
			);
			name = LaunchScreen.storyboard;
			sourceTree = "<group>";
		};
/* End PBXVariantGroup section */

/* Begin XCBuildConfiguration section */
		0EA47E3D21561949001523A0 /* Debug */ = {
			isa = XCBuildConfiguration;
			buildSettings = {
				ALWAYS_SEARCH_USER_PATHS = NO;
				CLANG_ANALYZER_NONNULL = YES;
				CLANG_ANALYZER_NUMBER_OBJECT_CONVERSION = YES_AGGRESSIVE;
				CLANG_CXX_LANGUAGE_STANDARD = "gnu++14";
				CLANG_CXX_LIBRARY = "libc++";
				CLANG_ENABLE_MODULES = YES;
				CLANG_ENABLE_OBJC_ARC = YES;
				CLANG_ENABLE_OBJC_WEAK = YES;
				CLANG_WARN_BLOCK_CAPTURE_AUTORELEASING = YES;
				CLANG_WARN_BOOL_CONVERSION = YES;
				CLANG_WARN_COMMA = YES;
				CLANG_WARN_CONSTANT_CONVERSION = YES;
				CLANG_WARN_DEPRECATED_OBJC_IMPLEMENTATIONS = YES;
				CLANG_WARN_DIRECT_OBJC_ISA_USAGE = YES_ERROR;
				CLANG_WARN_DOCUMENTATION_COMMENTS = YES;
				CLANG_WARN_EMPTY_BODY = YES;
				CLANG_WARN_ENUM_CONVERSION = YES;
				CLANG_WARN_INFINITE_RECURSION = YES;
				CLANG_WARN_INT_CONVERSION = YES;
				CLANG_WARN_NON_LITERAL_NULL_CONVERSION = YES;
				CLANG_WARN_OBJC_IMPLICIT_RETAIN_SELF = YES;
				CLANG_WARN_OBJC_LITERAL_CONVERSION = YES;
				CLANG_WARN_OBJC_ROOT_CLASS = YES_ERROR;
				CLANG_WARN_RANGE_LOOP_ANALYSIS = YES;
				CLANG_WARN_STRICT_PROTOTYPES = YES;
				CLANG_WARN_SUSPICIOUS_MOVE = YES;
				CLANG_WARN_UNGUARDED_AVAILABILITY = YES_AGGRESSIVE;
				CLANG_WARN_UNREACHABLE_CODE = YES;
				CLANG_WARN__DUPLICATE_METHOD_MATCH = YES;
				CODE_SIGN_IDENTITY = "iPhone Developer";
				COPY_PHASE_STRIP = NO;
				DEBUG_INFORMATION_FORMAT = dwarf;
				ENABLE_STRICT_OBJC_MSGSEND = YES;
				ENABLE_TESTABILITY = YES;
				GCC_C_LANGUAGE_STANDARD = gnu11;
				GCC_DYNAMIC_NO_PIC = NO;
				GCC_NO_COMMON_BLOCKS = YES;
				GCC_OPTIMIZATION_LEVEL = 0;
				GCC_PREPROCESSOR_DEFINITIONS = (
					"DEBUG=1",
					"$(inherited)",
				);
				GCC_WARN_64_TO_32_BIT_CONVERSION = YES;
				GCC_WARN_ABOUT_RETURN_TYPE = YES_ERROR;
				GCC_WARN_UNDECLARED_SELECTOR = YES;
				GCC_WARN_UNINITIALIZED_AUTOS = YES_AGGRESSIVE;
				GCC_WARN_UNUSED_FUNCTION = YES;
				GCC_WARN_UNUSED_VARIABLE = YES;
				IPHONEOS_DEPLOYMENT_TARGET = 11.4;
				MTL_ENABLE_DEBUG_INFO = YES;
				ONLY_ACTIVE_ARCH = YES;
				SDKROOT = iphoneos;
				SWIFT_ACTIVE_COMPILATION_CONDITIONS = DEBUG;
				SWIFT_OPTIMIZATION_LEVEL = "-Onone";
			};
			name = Debug;
		};
		0EA47E3E21561949001523A0 /* Release */ = {
			isa = XCBuildConfiguration;
			buildSettings = {
				ALWAYS_SEARCH_USER_PATHS = NO;
				CLANG_ANALYZER_NONNULL = YES;
				CLANG_ANALYZER_NUMBER_OBJECT_CONVERSION = YES_AGGRESSIVE;
				CLANG_CXX_LANGUAGE_STANDARD = "gnu++14";
				CLANG_CXX_LIBRARY = "libc++";
				CLANG_ENABLE_MODULES = YES;
				CLANG_ENABLE_OBJC_ARC = YES;
				CLANG_ENABLE_OBJC_WEAK = YES;
				CLANG_WARN_BLOCK_CAPTURE_AUTORELEASING = YES;
				CLANG_WARN_BOOL_CONVERSION = YES;
				CLANG_WARN_COMMA = YES;
				CLANG_WARN_CONSTANT_CONVERSION = YES;
				CLANG_WARN_DEPRECATED_OBJC_IMPLEMENTATIONS = YES;
				CLANG_WARN_DIRECT_OBJC_ISA_USAGE = YES_ERROR;
				CLANG_WARN_DOCUMENTATION_COMMENTS = YES;
				CLANG_WARN_EMPTY_BODY = YES;
				CLANG_WARN_ENUM_CONVERSION = YES;
				CLANG_WARN_INFINITE_RECURSION = YES;
				CLANG_WARN_INT_CONVERSION = YES;
				CLANG_WARN_NON_LITERAL_NULL_CONVERSION = YES;
				CLANG_WARN_OBJC_IMPLICIT_RETAIN_SELF = YES;
				CLANG_WARN_OBJC_LITERAL_CONVERSION = YES;
				CLANG_WARN_OBJC_ROOT_CLASS = YES_ERROR;
				CLANG_WARN_RANGE_LOOP_ANALYSIS = YES;
				CLANG_WARN_STRICT_PROTOTYPES = YES;
				CLANG_WARN_SUSPICIOUS_MOVE = YES;
				CLANG_WARN_UNGUARDED_AVAILABILITY = YES_AGGRESSIVE;
				CLANG_WARN_UNREACHABLE_CODE = YES;
				CLANG_WARN__DUPLICATE_METHOD_MATCH = YES;
				CODE_SIGN_IDENTITY = "iPhone Developer";
				COPY_PHASE_STRIP = NO;
				DEBUG_INFORMATION_FORMAT = "dwarf-with-dsym";
				ENABLE_NS_ASSERTIONS = NO;
				ENABLE_STRICT_OBJC_MSGSEND = YES;
				GCC_C_LANGUAGE_STANDARD = gnu11;
				GCC_NO_COMMON_BLOCKS = YES;
				GCC_WARN_64_TO_32_BIT_CONVERSION = YES;
				GCC_WARN_ABOUT_RETURN_TYPE = YES_ERROR;
				GCC_WARN_UNDECLARED_SELECTOR = YES;
				GCC_WARN_UNINITIALIZED_AUTOS = YES_AGGRESSIVE;
				GCC_WARN_UNUSED_FUNCTION = YES;
				GCC_WARN_UNUSED_VARIABLE = YES;
				IPHONEOS_DEPLOYMENT_TARGET = 11.4;
				MTL_ENABLE_DEBUG_INFO = NO;
				SDKROOT = iphoneos;
				SWIFT_COMPILATION_MODE = wholemodule;
				SWIFT_OPTIMIZATION_LEVEL = "-O";
				VALIDATE_PRODUCT = YES;
			};
			name = Release;
		};
		0EA47E4021561949001523A0 /* Debug */ = {
			isa = XCBuildConfiguration;
			baseConfigurationReference = 5A5C202797A76A2B95448CA3 /* Pods-petviet.debug.xcconfig */;
			buildSettings = {
				ASSETCATALOG_COMPILER_APPICON_NAME = AppIcon;
				CODE_SIGN_STYLE = Automatic;
				DEVELOPMENT_TEAM = F59XSVKP6X;
				INFOPLIST_FILE = petviet/Info.plist;
				LD_RUNPATH_SEARCH_PATHS = (
					"$(inherited)",
					"@executable_path/Frameworks",
				);
				PRODUCT_BUNDLE_IDENTIFIER = com.csb.petviet;
				PRODUCT_NAME = "$(TARGET_NAME)";
				SWIFT_OBJC_BRIDGING_HEADER = "${PROJECT_DIR}/petviet/petviet-Bridging-Header.h";
				SWIFT_VERSION = 4.0;
				TARGETED_DEVICE_FAMILY = 1;
			};
			name = Debug;
		};
		0EA47E4121561949001523A0 /* Release */ = {
			isa = XCBuildConfiguration;
			baseConfigurationReference = FEED33B912B882DA2145B2E9 /* Pods-petviet.release.xcconfig */;
			buildSettings = {
				ASSETCATALOG_COMPILER_APPICON_NAME = AppIcon;
				CODE_SIGN_STYLE = Automatic;
				DEVELOPMENT_TEAM = F59XSVKP6X;
				INFOPLIST_FILE = petviet/Info.plist;
				LD_RUNPATH_SEARCH_PATHS = (
					"$(inherited)",
					"@executable_path/Frameworks",
				);
				PRODUCT_BUNDLE_IDENTIFIER = com.csb.petviet;
				PRODUCT_NAME = "$(TARGET_NAME)";
				SWIFT_OBJC_BRIDGING_HEADER = "${PROJECT_DIR}/petviet/petviet-Bridging-Header.h";
				SWIFT_VERSION = 4.0;
				TARGETED_DEVICE_FAMILY = 1;
			};
			name = Release;
		};
/* End XCBuildConfiguration section */

/* Begin XCConfigurationList section */
		0EA47E2821561947001523A0 /* Build configuration list for PBXProject "petviet" */ = {
			isa = XCConfigurationList;
			buildConfigurations = (
				0EA47E3D21561949001523A0 /* Debug */,
				0EA47E3E21561949001523A0 /* Release */,
			);
			defaultConfigurationIsVisible = 0;
			defaultConfigurationName = Release;
		};
		0EA47E3F21561949001523A0 /* Build configuration list for PBXNativeTarget "petviet" */ = {
			isa = XCConfigurationList;
			buildConfigurations = (
				0EA47E4021561949001523A0 /* Debug */,
				0EA47E4121561949001523A0 /* Release */,
			);
			defaultConfigurationIsVisible = 0;
			defaultConfigurationName = Release;
		};
/* End XCConfigurationList section */
	};
	rootObject = 0EA47E2521561947001523A0 /* Project object */;
}
